
Microsoft Visual Studio Solution File, Format Version 12.00
# Visual Studio 15
VisualStudioVersion = 15.0.26228.4
MinimumVisualStudioVersion = 10.0.40219.1
Project("{FAE04EC0-301F-11D3-BF4B-00C04F79EFBC}") = "SnelStart.B2B.Client", "SnelStart.B2B.Client\SnelStart.B2B.Client.csproj", "{C1866132-D5B9-4CA7-B27C-C75F9C663038}"
EndProject
Project("{FAE04EC0-301F-11D3-BF4B-00C04F79EFBC}") = "SnelStart.B2B.Client.IntegrationTest", "SnelStart.B2B.Client.IntegrationTest\SnelStart.B2B.Client.IntegrationTest.csproj", "{1ECB0AB6-4070-420F-B9D0-9B4323AFF14F}"
EndProject
Global
	GlobalSection(SolutionConfigurationPlatforms) = preSolution
		Debug|Any CPU = Debug|Any CPU
		Release|Any CPU = Release|Any CPU
	EndGlobalSection
	GlobalSection(ProjectConfigurationPlatforms) = postSolution
		{C1866132-D5B9-4CA7-B27C-C75F9C663038}.Debug|Any CPU.ActiveCfg = Debug|Any CPU
		{C1866132-D5B9-4CA7-B27C-C75F9C663038}.Debug|Any CPU.Build.0 = Debug|Any CPU
		{C1866132-D5B9-4CA7-B27C-C75F9C663038}.Release|Any CPU.ActiveCfg = Release|Any CPU
		{C1866132-D5B9-4CA7-B27C-C75F9C663038}.Release|Any CPU.Build.0 = Release|Any CPU
		{1ECB0AB6-4070-420F-B9D0-9B4323AFF14F}.Debug|Any CPU.ActiveCfg = Debug|Any CPU
		{1ECB0AB6-4070-420F-B9D0-9B4323AFF14F}.Debug|Any CPU.Build.0 = Debug|Any CPU
		{1ECB0AB6-4070-420F-B9D0-9B4323AFF14F}.Release|Any CPU.ActiveCfg = Release|Any CPU
		{1ECB0AB6-4070-420F-B9D0-9B4323AFF14F}.Release|Any CPU.Build.0 = Release|Any CPU
	EndGlobalSection
	GlobalSection(SolutionProperties) = preSolution
		HideSolutionNode = FALSE
	EndGlobalSection
EndGlobal
